// !$*UTF8*$!
{
	archiveVersion = 1;
	classes = {
	};
	objectVersion = 48;
	objects = {

/* Begin PBXBuildFile section */
		001FE0DD20284DDB0021FA46 /* AppDelegate.m in Sources */ = {isa = PBXBuildFile; fileRef = 001FE0DC20284DDB0021FA46 /* AppDelegate.m */; };
		001FE0E020284DDB0021FA46 /* ViewController.m in Sources */ = {isa = PBXBuildFile; fileRef = 001FE0DF20284DDB0021FA46 /* ViewController.m */; };
		001FE0E320284DDB0021FA46 /* Main.storyboard in Resources */ = {isa = PBXBuildFile; fileRef = 001FE0E120284DDB0021FA46 /* Main.storyboard */; };
		001FE0E520284DDB0021FA46 /* Assets.xcassets in Resources */ = {isa = PBXBuildFile; fileRef = 001FE0E420284DDB0021FA46 /* Assets.xcassets */; };
		001FE0E820284DDB0021FA46 /* LaunchScreen.storyboard in Resources */ = {isa = PBXBuildFile; fileRef = 001FE0E620284DDB0021FA46 /* LaunchScreen.storyboard */; };
		001FE0EB20284DDB0021FA46 /* main.m in Sources */ = {isa = PBXBuildFile; fileRef = 001FE0EA20284DDB0021FA46 /* main.m */; };
		001FE0F520284DDC0021FA46 /* TestDelegateTests.m in Sources */ = {isa = PBXBuildFile; fileRef = 001FE0F420284DDC0021FA46 /* TestDelegateTests.m */; };
		001FE10020284DDC0021FA46 /* TestDelegateUITests.m in Sources */ = {isa = PBXBuildFile; fileRef = 001FE0FF20284DDC0021FA46 /* TestDelegateUITests.m */; };
		001FE11020284E820021FA46 /* PopViewController.m in Sources */ = {isa = PBXBuildFile; fileRef = 001FE10E20284E820021FA46 /* PopViewController.m */; };
		001FE11120284E820021FA46 /* PopViewController.xib in Resources */ = {isa = PBXBuildFile; fileRef = 001FE10F20284E820021FA46 /* PopViewController.xib */; };
		001FE1142028546D0021FA46 /* CustomBtn.m in Sources */ = {isa = PBXBuildFile; fileRef = 001FE1132028546D0021FA46 /* CustomBtn.m */; };
		008CD346204F7BE400876974 /* QuanViewController.m in Sources */ = {isa = PBXBuildFile; fileRef = 008CD344204F7BE400876974 /* QuanViewController.m */; };
		008CD347204F7BE400876974 /* QuanViewController.xib in Resources */ = {isa = PBXBuildFile; fileRef = 008CD345204F7BE400876974 /* QuanViewController.xib */; };
		008CD34A204F7D0F00876974 /* EOCRectangle.m in Sources */ = {isa = PBXBuildFile; fileRef = 008CD349204F7D0F00876974 /* EOCRectangle.m */; };
		008CD34D204F7EE300876974 /* EOCSquare.m in Sources */ = {isa = PBXBuildFile; fileRef = 008CD34C204F7EE300876974 /* EOCSquare.m */; };
		00A4A77320B261670023FAB4 /* NObserverViewController.m in Sources */ = {isa = PBXBuildFile; fileRef = 00A4A77120B261670023FAB4 /* NObserverViewController.m */; };
		00A4A77420B261670023FAB4 /* NObserverViewController.xib in Resources */ = {isa = PBXBuildFile; fileRef = 00A4A77220B261670023FAB4 /* NObserverViewController.xib */; };
		2AE3E444C79BF4B6688A59A4 /* libPods-TestDelegateUITests.a in Frameworks */ = {isa = PBXBuildFile; fileRef = 560D8734745CB9E909F2070D /* libPods-TestDelegateUITests.a */; };
		9548BCBE00F7F2566FC66A83 /* libPods-TestDelegateTests.a in Frameworks */ = {isa = PBXBuildFile; fileRef = 5D4B6AA24EEDCE51711B1D56 /* libPods-TestDelegateTests.a */; };
		9589FCB21274D3D624C3A592 /* libPods-TestDelegate.a in Frameworks */ = {isa = PBXBuildFile; fileRef = EE114D8CE69432FF68CBF3F8 /* libPods-TestDelegate.a */; };
		F37ECF3420B034CB00CC579B /* XYMemoryCache.m in Sources */ = {isa = PBXBuildFile; fileRef = F37ECF0A20B034CB00CC579B /* XYMemoryCache.m */; };
		F37ECF3520B034CB00CC579B /* NSString+XY.m in Sources */ = {isa = PBXBuildFile; fileRef = F37ECF0B20B034CB00CC579B /* NSString+XY.m */; };
		F37ECF3620B034CB00CC579B /* XYFileCache.m in Sources */ = {isa = PBXBuildFile; fileRef = F37ECF0D20B034CB00CC579B /* XYFileCache.m */; };
		F37ECF3720B034CB00CC579B /* XYAutoCoding.m in Sources */ = {isa = PBXBuildFile; fileRef = F37ECF1020B034CB00CC579B /* XYAutoCoding.m */; };
		F37ECF3820B034CB00CC579B /* XYUserDefaults.m in Sources */ = {isa = PBXBuildFile; fileRef = F37ECF1220B034CB00CC579B /* XYUserDefaults.m */; };
		F37ECF3920B034CB00CC579B /* XYThread.m in Sources */ = {isa = PBXBuildFile; fileRef = F37ECF1420B034CB00CC579B /* XYThread.m */; };
		F37ECF3A20B034CB00CC579B /* XYObjectCache.m in Sources */ = {isa = PBXBuildFile; fileRef = F37ECF1820B034CB00CC579B /* XYObjectCache.m */; };
		F37ECF3B20B034CB00CC579B /* NCacheViewController.xib in Resources */ = {isa = PBXBuildFile; fileRef = F37ECF1920B034CB00CC579B /* NCacheViewController.xib */; };
		F37ECF3C20B034CB00CC579B /* NCacheViewController.m in Sources */ = {isa = PBXBuildFile; fileRef = F37ECF1A20B034CB00CC579B /* NCacheViewController.m */; };
		F37ECF3D20B034CB00CC579B /* ZHNThresholdHelper.m in Sources */ = {isa = PBXBuildFile; fileRef = F37ECF1E20B034CB00CC579B /* ZHNThresholdHelper.m */; };
		F37ECF3E20B034CB00CC579B /* delegateContainer.m in Sources */ = {isa = PBXBuildFile; fileRef = F37ECF1F20B034CB00CC579B /* delegateContainer.m */; };
		F37ECF3F20B034CB00CC579B /* NMatlabViewController.xib in Resources */ = {isa = PBXBuildFile; fileRef = F37ECF2220B034CB00CC579B /* NMatlabViewController.xib */; };
		F37ECF4020B034CB00CC579B /* NMatlabViewController.m in Sources */ = {isa = PBXBuildFile; fileRef = F37ECF2420B034CB00CC579B /* NMatlabViewController.m */; };
		F37ECF4120B034CB00CC579B /* NTipsViewModel.m in Sources */ = {isa = PBXBuildFile; fileRef = F37ECF2820B034CB00CC579B /* NTipsViewModel.m */; };
		F37ECF4220B034CB00CC579B /* UrlCacheViewController.xib in Resources */ = {isa = PBXBuildFile; fileRef = F37ECF2B20B034CB00CC579B /* UrlCacheViewController.xib */; };
		F37ECF4320B034CB00CC579B /* UrlCacheViewController.m in Sources */ = {isa = PBXBuildFile; fileRef = F37ECF2C20B034CB00CC579B /* UrlCacheViewController.m */; };
		F37ECF4420B034CB00CC579B /* NTipsModel.m in Sources */ = {isa = PBXBuildFile; fileRef = F37ECF2E20B034CB00CC579B /* NTipsModel.m */; };
		F37ECF4520B034CB00CC579B /* NTipsTableViewCell.xib in Resources */ = {isa = PBXBuildFile; fileRef = F37ECF3220B034CB00CC579B /* NTipsTableViewCell.xib */; };
		F37ECF4620B034CB00CC579B /* NTipsTableViewCell.m in Sources */ = {isa = PBXBuildFile; fileRef = F37ECF3320B034CB00CC579B /* NTipsTableViewCell.m */; };
		F37ECF4920B035EB00CC579B /* NDemoTableViewController.m in Sources */ = {isa = PBXBuildFile; fileRef = F37ECF4820B035EB00CC579B /* NDemoTableViewController.m */; };
		F3A08C33209D81F500439244 /* YYWeakProxy.m in Sources */ = {isa = PBXBuildFile; fileRef = F3A08C2F209D81F500439244 /* YYWeakProxy.m */; };
		F3A08C34209D81F500439244 /* YYFPSLabel.m in Sources */ = {isa = PBXBuildFile; fileRef = F3A08C31209D81F500439244 /* YYFPSLabel.m */; };
		F3A08C3A209D968C00439244 /* NetWorkingReuest.m in Sources */ = {isa = PBXBuildFile; fileRef = F3A08C39209D968C00439244 /* NetWorkingReuest.m */; };
/* End PBXBuildFile section */

/* Begin PBXContainerItemProxy section */
		001FE0F120284DDC0021FA46 /* PBXContainerItemProxy */ = {
			isa = PBXContainerItemProxy;
			containerPortal = 001FE0D020284DDB0021FA46 /* Project object */;
			proxyType = 1;
			remoteGlobalIDString = 001FE0D720284DDB0021FA46;
			remoteInfo = TestDelegate;
		};
		001FE0FC20284DDC0021FA46 /* PBXContainerItemProxy */ = {
			isa = PBXContainerItemProxy;
			containerPortal = 001FE0D020284DDB0021FA46 /* Project object */;
			proxyType = 1;
			remoteGlobalIDString = 001FE0D720284DDB0021FA46;
			remoteInfo = TestDelegate;
		};
/* End PBXContainerItemProxy section */

/* Begin PBXFileReference section */
		001FE0D820284DDB0021FA46 /* TestDelegate.app */ = {isa = PBXFileReference; explicitFileType = wrapper.application; includeInIndex = 0; path = TestDelegate.app; sourceTree = BUILT_PRODUCTS_DIR; };
		001FE0DB20284DDB0021FA46 /* AppDelegate.h */ = {isa = PBXFileReference; lastKnownFileType = sourcecode.c.h; path = AppDelegate.h; sourceTree = "<group>"; };
		001FE0DC20284DDB0021FA46 /* AppDelegate.m */ = {isa = PBXFileReference; lastKnownFileType = sourcecode.c.objc; path = AppDelegate.m; sourceTree = "<group>"; };
		001FE0DE20284DDB0021FA46 /* ViewController.h */ = {isa = PBXFileReference; lastKnownFileType = sourcecode.c.h; path = ViewController.h; sourceTree = "<group>"; };
		001FE0DF20284DDB0021FA46 /* ViewController.m */ = {isa = PBXFileReference; lastKnownFileType = sourcecode.c.objc; path = ViewController.m; sourceTree = "<group>"; };
		001FE0E220284DDB0021FA46 /* Base */ = {isa = PBXFileReference; lastKnownFileType = file.storyboard; name = Base; path = Base.lproj/Main.storyboard; sourceTree = "<group>"; };
		001FE0E420284DDB0021FA46 /* Assets.xcassets */ = {isa = PBXFileReference; lastKnownFileType = folder.assetcatalog; path = Assets.xcassets; sourceTree = "<group>"; };
		001FE0E720284DDB0021FA46 /* Base */ = {isa = PBXFileReference; lastKnownFileType = file.storyboard; name = Base; path = Base.lproj/LaunchScreen.storyboard; sourceTree = "<group>"; };
		001FE0E920284DDB0021FA46 /* Info.plist */ = {isa = PBXFileReference; lastKnownFileType = text.plist.xml; path = Info.plist; sourceTree = "<group>"; };
		001FE0EA20284DDB0021FA46 /* main.m */ = {isa = PBXFileReference; lastKnownFileType = sourcecode.c.objc; path = main.m; sourceTree = "<group>"; };
		001FE0F020284DDC0021FA46 /* TestDelegateTests.xctest */ = {isa = PBXFileReference; explicitFileType = wrapper.cfbundle; includeInIndex = 0; path = TestDelegateTests.xctest; sourceTree = BUILT_PRODUCTS_DIR; };
		001FE0F420284DDC0021FA46 /* TestDelegateTests.m */ = {isa = PBXFileReference; lastKnownFileType = sourcecode.c.objc; path = TestDelegateTests.m; sourceTree = "<group>"; };
		001FE0F620284DDC0021FA46 /* Info.plist */ = {isa = PBXFileReference; lastKnownFileType = text.plist.xml; path = Info.plist; sourceTree = "<group>"; };
		001FE0FB20284DDC0021FA46 /* TestDelegateUITests.xctest */ = {isa = PBXFileReference; explicitFileType = wrapper.cfbundle; includeInIndex = 0; path = TestDelegateUITests.xctest; sourceTree = BUILT_PRODUCTS_DIR; };
		001FE0FF20284DDC0021FA46 /* TestDelegateUITests.m */ = {isa = PBXFileReference; lastKnownFileType = sourcecode.c.objc; path = TestDelegateUITests.m; sourceTree = "<group>"; };
		001FE10120284DDC0021FA46 /* Info.plist */ = {isa = PBXFileReference; lastKnownFileType = text.plist.xml; path = Info.plist; sourceTree = "<group>"; };
		001FE10D20284E820021FA46 /* PopViewController.h */ = {isa = PBXFileReference; lastKnownFileType = sourcecode.c.h; path = PopViewController.h; sourceTree = "<group>"; };
		001FE10E20284E820021FA46 /* PopViewController.m */ = {isa = PBXFileReference; lastKnownFileType = sourcecode.c.objc; path = PopViewController.m; sourceTree = "<group>"; };
		001FE10F20284E820021FA46 /* PopViewController.xib */ = {isa = PBXFileReference; lastKnownFileType = file.xib; path = PopViewController.xib; sourceTree = "<group>"; };
		001FE1122028546D0021FA46 /* CustomBtn.h */ = {isa = PBXFileReference; lastKnownFileType = sourcecode.c.h; path = CustomBtn.h; sourceTree = "<group>"; };
		001FE1132028546D0021FA46 /* CustomBtn.m */ = {isa = PBXFileReference; lastKnownFileType = sourcecode.c.objc; path = CustomBtn.m; sourceTree = "<group>"; };
		008CD343204F7BE400876974 /* QuanViewController.h */ = {isa = PBXFileReference; lastKnownFileType = sourcecode.c.h; path = QuanViewController.h; sourceTree = "<group>"; };
		008CD344204F7BE400876974 /* QuanViewController.m */ = {isa = PBXFileReference; lastKnownFileType = sourcecode.c.objc; path = QuanViewController.m; sourceTree = "<group>"; };
		008CD345204F7BE400876974 /* QuanViewController.xib */ = {isa = PBXFileReference; lastKnownFileType = file.xib; path = QuanViewController.xib; sourceTree = "<group>"; };
		008CD348204F7D0F00876974 /* EOCRectangle.h */ = {isa = PBXFileReference; lastKnownFileType = sourcecode.c.h; path = EOCRectangle.h; sourceTree = "<group>"; };
		008CD349204F7D0F00876974 /* EOCRectangle.m */ = {isa = PBXFileReference; lastKnownFileType = sourcecode.c.objc; path = EOCRectangle.m; sourceTree = "<group>"; };
		008CD34B204F7EE300876974 /* EOCSquare.h */ = {isa = PBXFileReference; lastKnownFileType = sourcecode.c.h; path = EOCSquare.h; sourceTree = "<group>"; };
		008CD34C204F7EE300876974 /* EOCSquare.m */ = {isa = PBXFileReference; lastKnownFileType = sourcecode.c.objc; path = EOCSquare.m; sourceTree = "<group>"; };
		00A4A77020B261670023FAB4 /* NObserverViewController.h */ = {isa = PBXFileReference; lastKnownFileType = sourcecode.c.h; path = NObserverViewController.h; sourceTree = "<group>"; };
		00A4A77120B261670023FAB4 /* NObserverViewController.m */ = {isa = PBXFileReference; lastKnownFileType = sourcecode.c.objc; path = NObserverViewController.m; sourceTree = "<group>"; };
		00A4A77220B261670023FAB4 /* NObserverViewController.xib */ = {isa = PBXFileReference; lastKnownFileType = file.xib; path = NObserverViewController.xib; sourceTree = "<group>"; };
		01D8C8DDD5A5E83FFB5C92C6 /* Pods-TestDelegateTests.release.xcconfig */ = {isa = PBXFileReference; includeInIndex = 1; lastKnownFileType = text.xcconfig; name = "Pods-TestDelegateTests.release.xcconfig"; path = "Pods/Target Support Files/Pods-TestDelegateTests/Pods-TestDelegateTests.release.xcconfig"; sourceTree = "<group>"; };
		0E4DDBD82929BA057648DD1D /* Pods-TestDelegateUITests.stagingrelease.xcconfig */ = {isa = PBXFileReference; includeInIndex = 1; lastKnownFileType = text.xcconfig; name = "Pods-TestDelegateUITests.stagingrelease.xcconfig"; path = "Pods/Target Support Files/Pods-TestDelegateUITests/Pods-TestDelegateUITests.stagingrelease.xcconfig"; sourceTree = "<group>"; };
		27EC09078864DA12E442317B /* Pods-TestDelegateTests.stagingdebug.xcconfig */ = {isa = PBXFileReference; includeInIndex = 1; lastKnownFileType = text.xcconfig; name = "Pods-TestDelegateTests.stagingdebug.xcconfig"; path = "Pods/Target Support Files/Pods-TestDelegateTests/Pods-TestDelegateTests.stagingdebug.xcconfig"; sourceTree = "<group>"; };
		352BBEEB7C8EAD6F023FE68B /* Pods-TestDelegate.stagingrelease.xcconfig */ = {isa = PBXFileReference; includeInIndex = 1; lastKnownFileType = text.xcconfig; name = "Pods-TestDelegate.stagingrelease.xcconfig"; path = "Pods/Target Support Files/Pods-TestDelegate/Pods-TestDelegate.stagingrelease.xcconfig"; sourceTree = "<group>"; };
		4671BB213833D67FC42E08A7 /* Pods-TestDelegateUITests.stagingdebug.xcconfig */ = {isa = PBXFileReference; includeInIndex = 1; lastKnownFileType = text.xcconfig; name = "Pods-TestDelegateUITests.stagingdebug.xcconfig"; path = "Pods/Target Support Files/Pods-TestDelegateUITests/Pods-TestDelegateUITests.stagingdebug.xcconfig"; sourceTree = "<group>"; };
		560D8734745CB9E909F2070D /* libPods-TestDelegateUITests.a */ = {isa = PBXFileReference; explicitFileType = archive.ar; includeInIndex = 0; path = "libPods-TestDelegateUITests.a"; sourceTree = BUILT_PRODUCTS_DIR; };
		57EF5C30DA127D9BD6827446 /* Pods-TestDelegate.release.xcconfig */ = {isa = PBXFileReference; includeInIndex = 1; lastKnownFileType = text.xcconfig; name = "Pods-TestDelegate.release.xcconfig"; path = "Pods/Target Support Files/Pods-TestDelegate/Pods-TestDelegate.release.xcconfig"; sourceTree = "<group>"; };
		5D4B6AA24EEDCE51711B1D56 /* libPods-TestDelegateTests.a */ = {isa = PBXFileReference; explicitFileType = archive.ar; includeInIndex = 0; path = "libPods-TestDelegateTests.a"; sourceTree = BUILT_PRODUCTS_DIR; };
		650BA744A871D1347607654F /* Pods-TestDelegateTests.stagingrelease.xcconfig */ = {isa = PBXFileReference; includeInIndex = 1; lastKnownFileType = text.xcconfig; name = "Pods-TestDelegateTests.stagingrelease.xcconfig"; path = "Pods/Target Support Files/Pods-TestDelegateTests/Pods-TestDelegateTests.stagingrelease.xcconfig"; sourceTree = "<group>"; };
		6D9132C7FC1051F7BC70627F /* Pods-TestDelegateUITests.debug.xcconfig */ = {isa = PBXFileReference; includeInIndex = 1; lastKnownFileType = text.xcconfig; name = "Pods-TestDelegateUITests.debug.xcconfig"; path = "Pods/Target Support Files/Pods-TestDelegateUITests/Pods-TestDelegateUITests.debug.xcconfig"; sourceTree = "<group>"; };
		8EB2BA5A7B09BC7C06D07479 /* Pods-TestDelegateUITests.release.xcconfig */ = {isa = PBXFileReference; includeInIndex = 1; lastKnownFileType = text.xcconfig; name = "Pods-TestDelegateUITests.release.xcconfig"; path = "Pods/Target Support Files/Pods-TestDelegateUITests/Pods-TestDelegateUITests.release.xcconfig"; sourceTree = "<group>"; };
		9473A6568D15B4210E7629EA /* Pods-TestDelegateTests.debug.xcconfig */ = {isa = PBXFileReference; includeInIndex = 1; lastKnownFileType = text.xcconfig; name = "Pods-TestDelegateTests.debug.xcconfig"; path = "Pods/Target Support Files/Pods-TestDelegateTests/Pods-TestDelegateTests.debug.xcconfig"; sourceTree = "<group>"; };
		C012BF0DAF69981E99DB8449 /* Pods-TestDelegate.stagingdebug.xcconfig */ = {isa = PBXFileReference; includeInIndex = 1; lastKnownFileType = text.xcconfig; name = "Pods-TestDelegate.stagingdebug.xcconfig"; path = "Pods/Target Support Files/Pods-TestDelegate/Pods-TestDelegate.stagingdebug.xcconfig"; sourceTree = "<group>"; };
		D1A5134B5E4CD7182D7445B8 /* Pods-TestDelegate.debug.xcconfig */ = {isa = PBXFileReference; includeInIndex = 1; lastKnownFileType = text.xcconfig; name = "Pods-TestDelegate.debug.xcconfig"; path = "Pods/Target Support Files/Pods-TestDelegate/Pods-TestDelegate.debug.xcconfig"; sourceTree = "<group>"; };
		EE114D8CE69432FF68CBF3F8 /* libPods-TestDelegate.a */ = {isa = PBXFileReference; explicitFileType = archive.ar; includeInIndex = 0; path = "libPods-TestDelegate.a"; sourceTree = BUILT_PRODUCTS_DIR; };
		F37ECF0720B034CB00CC579B /* XYQuick_Cache.h */ = {isa = PBXFileReference; fileEncoding = 4; lastKnownFileType = sourcecode.c.h; path = XYQuick_Cache.h; sourceTree = "<group>"; };
		F37ECF0820B034CB00CC579B /* XYCacheProtocol.h */ = {isa = PBXFileReference; fileEncoding = 4; lastKnownFileType = sourcecode.c.h; path = XYCacheProtocol.h; sourceTree = "<group>"; };
		F37ECF0920B034CB00CC579B /* XYAutoCoding.h */ = {isa = PBXFileReference; fileEncoding = 4; lastKnownFileType = sourcecode.c.h; path = XYAutoCoding.h; sourceTree = "<group>"; };
		F37ECF0A20B034CB00CC579B /* XYMemoryCache.m */ = {isa = PBXFileReference; fileEncoding = 4; lastKnownFileType = sourcecode.c.objc; path = XYMemoryCache.m; sourceTree = "<group>"; };
		F37ECF0B20B034CB00CC579B /* NSString+XY.m */ = {isa = PBXFileReference; fileEncoding = 4; lastKnownFileType = sourcecode.c.objc; path = "NSString+XY.m"; sourceTree = "<group>"; };
		F37ECF0C20B034CB00CC579B /* XYUserDefaults.h */ = {isa = PBXFileReference; fileEncoding = 4; lastKnownFileType = sourcecode.c.h; path = XYUserDefaults.h; sourceTree = "<group>"; };
		F37ECF0D20B034CB00CC579B /* XYFileCache.m */ = {isa = PBXFileReference; fileEncoding = 4; lastKnownFileType = sourcecode.c.objc; path = XYFileCache.m; sourceTree = "<group>"; };
		F37ECF0E20B034CB00CC579B /* XYThread.h */ = {isa = PBXFileReference; fileEncoding = 4; lastKnownFileType = sourcecode.c.h; path = XYThread.h; sourceTree = "<group>"; };
		F37ECF0F20B034CB00CC579B /* XYMemoryCache.h */ = {isa = PBXFileReference; fileEncoding = 4; lastKnownFileType = sourcecode.c.h; path = XYMemoryCache.h; sourceTree = "<group>"; };
		F37ECF1020B034CB00CC579B /* XYAutoCoding.m */ = {isa = PBXFileReference; fileEncoding = 4; lastKnownFileType = sourcecode.c.objc; path = XYAutoCoding.m; sourceTree = "<group>"; };
		F37ECF1120B034CB00CC579B /* XYFileCache.h */ = {isa = PBXFileReference; fileEncoding = 4; lastKnownFileType = sourcecode.c.h; path = XYFileCache.h; sourceTree = "<group>"; };
		F37ECF1220B034CB00CC579B /* XYUserDefaults.m */ = {isa = PBXFileReference; fileEncoding = 4; lastKnownFileType = sourcecode.c.objc; path = XYUserDefaults.m; sourceTree = "<group>"; };
		F37ECF1320B034CB00CC579B /* NSString+XY.h */ = {isa = PBXFileReference; fileEncoding = 4; lastKnownFileType = sourcecode.c.h; path = "NSString+XY.h"; sourceTree = "<group>"; };
		F37ECF1420B034CB00CC579B /* XYThread.m */ = {isa = PBXFileReference; fileEncoding = 4; lastKnownFileType = sourcecode.c.objc; path = XYThread.m; sourceTree = "<group>"; };
		F37ECF1620B034CB00CC579B /* XYObjectCache.h */ = {isa = PBXFileReference; fileEncoding = 4; lastKnownFileType = sourcecode.c.h; path = XYObjectCache.h; sourceTree = "<group>"; };
		F37ECF1720B034CB00CC579B /* NCacheViewController.h */ = {isa = PBXFileReference; fileEncoding = 4; lastKnownFileType = sourcecode.c.h; path = NCacheViewController.h; sourceTree = "<group>"; };
		F37ECF1820B034CB00CC579B /* XYObjectCache.m */ = {isa = PBXFileReference; fileEncoding = 4; lastKnownFileType = sourcecode.c.objc; path = XYObjectCache.m; sourceTree = "<group>"; };
		F37ECF1920B034CB00CC579B /* NCacheViewController.xib */ = {isa = PBXFileReference; fileEncoding = 4; lastKnownFileType = file.xib; path = NCacheViewController.xib; sourceTree = "<group>"; };
		F37ECF1A20B034CB00CC579B /* NCacheViewController.m */ = {isa = PBXFileReference; fileEncoding = 4; lastKnownFileType = sourcecode.c.objc; path = NCacheViewController.m; sourceTree = "<group>"; };
		F37ECF1C20B034CB00CC579B /* ZHNThresholdHelper.h */ = {isa = PBXFileReference; fileEncoding = 4; lastKnownFileType = sourcecode.c.h; path = ZHNThresholdHelper.h; sourceTree = "<group>"; };
		F37ECF1D20B034CB00CC579B /* delegateContainer.h */ = {isa = PBXFileReference; fileEncoding = 4; lastKnownFileType = sourcecode.c.h; path = delegateContainer.h; sourceTree = "<group>"; };
		F37ECF1E20B034CB00CC579B /* ZHNThresholdHelper.m */ = {isa = PBXFileReference; fileEncoding = 4; lastKnownFileType = sourcecode.c.objc; path = ZHNThresholdHelper.m; sourceTree = "<group>"; };
		F37ECF1F20B034CB00CC579B /* delegateContainer.m */ = {isa = PBXFileReference; fileEncoding = 4; lastKnownFileType = sourcecode.c.objc; path = delegateContainer.m; sourceTree = "<group>"; };
		F37ECF2220B034CB00CC579B /* NMatlabViewController.xib */ = {isa = PBXFileReference; fileEncoding = 4; lastKnownFileType = file.xib; path = NMatlabViewController.xib; sourceTree = "<group>"; };
		F37ECF2320B034CB00CC579B /* NMatlabViewController.h */ = {isa = PBXFileReference; fileEncoding = 4; lastKnownFileType = sourcecode.c.h; path = NMatlabViewController.h; sourceTree = "<group>"; };
		F37ECF2420B034CB00CC579B /* NMatlabViewController.m */ = {isa = PBXFileReference; fileEncoding = 4; lastKnownFileType = sourcecode.c.objc; path = NMatlabViewController.m; sourceTree = "<group>"; };
		F37ECF2720B034CB00CC579B /* NTipsViewModel.h */ = {isa = PBXFileReference; fileEncoding = 4; lastKnownFileType = sourcecode.c.h; path = NTipsViewModel.h; sourceTree = "<group>"; };
		F37ECF2820B034CB00CC579B /* NTipsViewModel.m */ = {isa = PBXFileReference; fileEncoding = 4; lastKnownFileType = sourcecode.c.objc; path = NTipsViewModel.m; sourceTree = "<group>"; };
		F37ECF2A20B034CB00CC579B /* UrlCacheViewController.h */ = {isa = PBXFileReference; fileEncoding = 4; lastKnownFileType = sourcecode.c.h; path = UrlCacheViewController.h; sourceTree = "<group>"; };
		F37ECF2B20B034CB00CC579B /* UrlCacheViewController.xib */ = {isa = PBXFileReference; fileEncoding = 4; lastKnownFileType = file.xib; path = UrlCacheViewController.xib; sourceTree = "<group>"; };
		F37ECF2C20B034CB00CC579B /* UrlCacheViewController.m */ = {isa = PBXFileReference; fileEncoding = 4; lastKnownFileType = sourcecode.c.objc; path = UrlCacheViewController.m; sourceTree = "<group>"; };
		F37ECF2E20B034CB00CC579B /* NTipsModel.m */ = {isa = PBXFileReference; fileEncoding = 4; lastKnownFileType = sourcecode.c.objc; path = NTipsModel.m; sourceTree = "<group>"; };
		F37ECF2F20B034CB00CC579B /* NTipsModel.h */ = {isa = PBXFileReference; fileEncoding = 4; lastKnownFileType = sourcecode.c.h; path = NTipsModel.h; sourceTree = "<group>"; };
		F37ECF3120B034CB00CC579B /* NTipsTableViewCell.h */ = {isa = PBXFileReference; fileEncoding = 4; lastKnownFileType = sourcecode.c.h; path = NTipsTableViewCell.h; sourceTree = "<group>"; };
		F37ECF3220B034CB00CC579B /* NTipsTableViewCell.xib */ = {isa = PBXFileReference; fileEncoding = 4; lastKnownFileType = file.xib; path = NTipsTableViewCell.xib; sourceTree = "<group>"; };
		F37ECF3320B034CB00CC579B /* NTipsTableViewCell.m */ = {isa = PBXFileReference; fileEncoding = 4; lastKnownFileType = sourcecode.c.objc; path = NTipsTableViewCell.m; sourceTree = "<group>"; };
		F37ECF4720B035EB00CC579B /* NDemoTableViewController.h */ = {isa = PBXFileReference; lastKnownFileType = sourcecode.c.h; path = NDemoTableViewController.h; sourceTree = "<group>"; };
		F37ECF4820B035EB00CC579B /* NDemoTableViewController.m */ = {isa = PBXFileReference; lastKnownFileType = sourcecode.c.objc; path = NDemoTableViewController.m; sourceTree = "<group>"; };
		F3A08C2F209D81F500439244 /* YYWeakProxy.m */ = {isa = PBXFileReference; fileEncoding = 4; lastKnownFileType = sourcecode.c.objc; path = YYWeakProxy.m; sourceTree = "<group>"; };
		F3A08C30209D81F500439244 /* YYFPSLabel.h */ = {isa = PBXFileReference; fileEncoding = 4; lastKnownFileType = sourcecode.c.h; path = YYFPSLabel.h; sourceTree = "<group>"; };
		F3A08C31209D81F500439244 /* YYFPSLabel.m */ = {isa = PBXFileReference; fileEncoding = 4; lastKnownFileType = sourcecode.c.objc; path = YYFPSLabel.m; sourceTree = "<group>"; };
		F3A08C32209D81F500439244 /* YYWeakProxy.h */ = {isa = PBXFileReference; fileEncoding = 4; lastKnownFileType = sourcecode.c.h; path = YYWeakProxy.h; sourceTree = "<group>"; };
		F3A08C38209D968C00439244 /* NetWorkingReuest.h */ = {isa = PBXFileReference; lastKnownFileType = sourcecode.c.h; path = NetWorkingReuest.h; sourceTree = "<group>"; };
		F3A08C39209D968C00439244 /* NetWorkingReuest.m */ = {isa = PBXFileReference; lastKnownFileType = sourcecode.c.objc; path = NetWorkingReuest.m; sourceTree = "<group>"; };
/* End PBXFileReference section */

/* Begin PBXFrameworksBuildPhase section */
		001FE0D520284DDB0021FA46 /* Frameworks */ = {
			isa = PBXFrameworksBuildPhase;
			buildActionMask = 2147483647;
			files = (
				9589FCB21274D3D624C3A592 /* libPods-TestDelegate.a in Frameworks */,
			);
			runOnlyForDeploymentPostprocessing = 0;
		};
		001FE0ED20284DDC0021FA46 /* Frameworks */ = {
			isa = PBXFrameworksBuildPhase;
			buildActionMask = 2147483647;
			files = (
				9548BCBE00F7F2566FC66A83 /* libPods-TestDelegateTests.a in Frameworks */,
			);
			runOnlyForDeploymentPostprocessing = 0;
		};
		001FE0F820284DDC0021FA46 /* Frameworks */ = {
			isa = PBXFrameworksBuildPhase;
			buildActionMask = 2147483647;
			files = (
				2AE3E444C79BF4B6688A59A4 /* libPods-TestDelegateUITests.a in Frameworks */,
			);
			runOnlyForDeploymentPostprocessing = 0;
		};
/* End PBXFrameworksBuildPhase section */

/* Begin PBXGroup section */
		001FE0CF20284DDB0021FA46 = {
			isa = PBXGroup;
			children = (
				001FE0DA20284DDB0021FA46 /* TestDelegate */,
				001FE0F320284DDC0021FA46 /* TestDelegateTests */,
				001FE0FE20284DDC0021FA46 /* TestDelegateUITests */,
				001FE0D920284DDB0021FA46 /* Products */,
				D31B67342624413D37B0FD40 /* Pods */,
				392444CE800215C065F96A75 /* Frameworks */,
			);
			sourceTree = "<group>";
		};
		001FE0D920284DDB0021FA46 /* Products */ = {
			isa = PBXGroup;
			children = (
				001FE0D820284DDB0021FA46 /* TestDelegate.app */,
				001FE0F020284DDC0021FA46 /* TestDelegateTests.xctest */,
				001FE0FB20284DDC0021FA46 /* TestDelegateUITests.xctest */,
			);
			name = Products;
			sourceTree = "<group>";
		};
		001FE0DA20284DDB0021FA46 /* TestDelegate */ = {
			isa = PBXGroup;
			children = (
				F37ECEFD20B02FD700CC579B /* Demo */,
				F3A08C37209D964000439244 /* NetWorking */,
				F3A08C2E209D81F500439244 /* YYFPSLabel */,
				F33AFE2B209E02F0006BDCB6 /* AppDelegate */,
				F33AFE30209E0387006BDCB6 /* RootViewController */,
				008CD345204F7BE400876974 /* QuanViewController.xib */,
				001FE10F20284E820021FA46 /* PopViewController.xib */,
				001FE0E120284DDB0021FA46 /* Main.storyboard */,
				001FE0E420284DDB0021FA46 /* Assets.xcassets */,
				001FE0E620284DDB0021FA46 /* LaunchScreen.storyboard */,
				001FE0E920284DDB0021FA46 /* Info.plist */,
				001FE0EA20284DDB0021FA46 /* main.m */,
			);
			path = TestDelegate;
			sourceTree = "<group>";
		};
		001FE0F320284DDC0021FA46 /* TestDelegateTests */ = {
			isa = PBXGroup;
			children = (
				001FE0F420284DDC0021FA46 /* TestDelegateTests.m */,
				001FE0F620284DDC0021FA46 /* Info.plist */,
			);
			path = TestDelegateTests;
			sourceTree = "<group>";
		};
		001FE0FE20284DDC0021FA46 /* TestDelegateUITests */ = {
			isa = PBXGroup;
			children = (
				001FE0FF20284DDC0021FA46 /* TestDelegateUITests.m */,
				001FE10120284DDC0021FA46 /* Info.plist */,
			);
			path = TestDelegateUITests;
			sourceTree = "<group>";
		};
		00A4A76E20B2612D0023FAB4 /* Observer */ = {
			isa = PBXGroup;
			children = (
				00A4A76F20B2614B0023FAB4 /* ViewController */,
			);
			path = Observer;
			sourceTree = "<group>";
		};
		00A4A76F20B2614B0023FAB4 /* ViewController */ = {
			isa = PBXGroup;
			children = (
				00A4A77020B261670023FAB4 /* NObserverViewController.h */,
				00A4A77120B261670023FAB4 /* NObserverViewController.m */,
				00A4A77220B261670023FAB4 /* NObserverViewController.xib */,
			);
			path = ViewController;
			sourceTree = "<group>";
		};
		392444CE800215C065F96A75 /* Frameworks */ = {
			isa = PBXGroup;
			children = (
				EE114D8CE69432FF68CBF3F8 /* libPods-TestDelegate.a */,
				5D4B6AA24EEDCE51711B1D56 /* libPods-TestDelegateTests.a */,
				560D8734745CB9E909F2070D /* libPods-TestDelegateUITests.a */,
			);
			name = Frameworks;
			sourceTree = "<group>";
		};
		D31B67342624413D37B0FD40 /* Pods */ = {
			isa = PBXGroup;
			children = (
				D1A5134B5E4CD7182D7445B8 /* Pods-TestDelegate.debug.xcconfig */,
				C012BF0DAF69981E99DB8449 /* Pods-TestDelegate.stagingdebug.xcconfig */,
				57EF5C30DA127D9BD6827446 /* Pods-TestDelegate.release.xcconfig */,
				352BBEEB7C8EAD6F023FE68B /* Pods-TestDelegate.stagingrelease.xcconfig */,
				9473A6568D15B4210E7629EA /* Pods-TestDelegateTests.debug.xcconfig */,
				27EC09078864DA12E442317B /* Pods-TestDelegateTests.stagingdebug.xcconfig */,
				01D8C8DDD5A5E83FFB5C92C6 /* Pods-TestDelegateTests.release.xcconfig */,
				650BA744A871D1347607654F /* Pods-TestDelegateTests.stagingrelease.xcconfig */,
				6D9132C7FC1051F7BC70627F /* Pods-TestDelegateUITests.debug.xcconfig */,
				4671BB213833D67FC42E08A7 /* Pods-TestDelegateUITests.stagingdebug.xcconfig */,
				8EB2BA5A7B09BC7C06D07479 /* Pods-TestDelegateUITests.release.xcconfig */,
				0E4DDBD82929BA057648DD1D /* Pods-TestDelegateUITests.stagingrelease.xcconfig */,
			);
			name = Pods;
			sourceTree = "<group>";
		};
		F33AFE2B209E02F0006BDCB6 /* AppDelegate */ = {
			isa = PBXGroup;
			children = (
				001FE0DB20284DDB0021FA46 /* AppDelegate.h */,
				001FE0DC20284DDB0021FA46 /* AppDelegate.m */,
			);
			path = AppDelegate;
			sourceTree = "<group>";
		};
		F33AFE30209E0387006BDCB6 /* RootViewController */ = {
			isa = PBXGroup;
			children = (
				001FE0DE20284DDB0021FA46 /* ViewController.h */,
				001FE0DF20284DDB0021FA46 /* ViewController.m */,
				F37ECF4720B035EB00CC579B /* NDemoTableViewController.h */,
				F37ECF4820B035EB00CC579B /* NDemoTableViewController.m */,
				001FE10D20284E820021FA46 /* PopViewController.h */,
				001FE10E20284E820021FA46 /* PopViewController.m */,
				001FE1122028546D0021FA46 /* CustomBtn.h */,
				001FE1132028546D0021FA46 /* CustomBtn.m */,
				008CD343204F7BE400876974 /* QuanViewController.h */,
				008CD344204F7BE400876974 /* QuanViewController.m */,
				008CD348204F7D0F00876974 /* EOCRectangle.h */,
				008CD349204F7D0F00876974 /* EOCRectangle.m */,
				008CD34B204F7EE300876974 /* EOCSquare.h */,
				008CD34C204F7EE300876974 /* EOCSquare.m */,
			);
			path = RootViewController;
			sourceTree = "<group>";
		};
		F37ECEFD20B02FD700CC579B /* Demo */ = {
			isa = PBXGroup;
			children = (
				00A4A76E20B2612D0023FAB4 /* Observer */,
				F37ECF0520B034CB00CC579B /* Cache */,
				F37ECF2020B034CB00CC579B /* matlab */,
				F37ECF1B20B034CB00CC579B /* RefreshTool */,
				F37ECF2520B034CB00CC579B /* Tips */,
			);
			path = Demo;
			sourceTree = "<group>";
		};
		F37ECF0520B034CB00CC579B /* Cache */ = {
			isa = PBXGroup;
			children = (
				F37ECF0620B034CB00CC579B /* cache */,
				F37ECF1520B034CB00CC579B /* ViewController */,
			);
			path = Cache;
			sourceTree = "<group>";
		};
		F37ECF0620B034CB00CC579B /* cache */ = {
			isa = PBXGroup;
			children = (
				F37ECF0720B034CB00CC579B /* XYQuick_Cache.h */,
				F37ECF0820B034CB00CC579B /* XYCacheProtocol.h */,
				F37ECF0920B034CB00CC579B /* XYAutoCoding.h */,
				F37ECF0A20B034CB00CC579B /* XYMemoryCache.m */,
				F37ECF0B20B034CB00CC579B /* NSString+XY.m */,
				F37ECF0C20B034CB00CC579B /* XYUserDefaults.h */,
				F37ECF0D20B034CB00CC579B /* XYFileCache.m */,
				F37ECF0E20B034CB00CC579B /* XYThread.h */,
				F37ECF0F20B034CB00CC579B /* XYMemoryCache.h */,
				F37ECF1020B034CB00CC579B /* XYAutoCoding.m */,
				F37ECF1120B034CB00CC579B /* XYFileCache.h */,
				F37ECF1220B034CB00CC579B /* XYUserDefaults.m */,
				F37ECF1320B034CB00CC579B /* NSString+XY.h */,
				F37ECF1420B034CB00CC579B /* XYThread.m */,
			);
			path = cache;
			sourceTree = "<group>";
		};
		F37ECF1520B034CB00CC579B /* ViewController */ = {
			isa = PBXGroup;
			children = (
				F37ECF1620B034CB00CC579B /* XYObjectCache.h */,
				F37ECF1720B034CB00CC579B /* NCacheViewController.h */,
				F37ECF1820B034CB00CC579B /* XYObjectCache.m */,
				F37ECF1920B034CB00CC579B /* NCacheViewController.xib */,
				F37ECF1A20B034CB00CC579B /* NCacheViewController.m */,
			);
			path = ViewController;
			sourceTree = "<group>";
		};
		F37ECF1B20B034CB00CC579B /* RefreshTool */ = {
			isa = PBXGroup;
			children = (
				F37ECF1C20B034CB00CC579B /* ZHNThresholdHelper.h */,
				F37ECF1D20B034CB00CC579B /* delegateContainer.h */,
				F37ECF1E20B034CB00CC579B /* ZHNThresholdHelper.m */,
				F37ECF1F20B034CB00CC579B /* delegateContainer.m */,
			);
			path = RefreshTool;
			sourceTree = "<group>";
		};
		F37ECF2020B034CB00CC579B /* matlab */ = {
			isa = PBXGroup;
			children = (
				F37ECF2120B034CB00CC579B /* ViewController */,
			);
			path = matlab;
			sourceTree = "<group>";
		};
		F37ECF2120B034CB00CC579B /* ViewController */ = {
			isa = PBXGroup;
			children = (
				F37ECF2220B034CB00CC579B /* NMatlabViewController.xib */,
				F37ECF2320B034CB00CC579B /* NMatlabViewController.h */,
				F37ECF2420B034CB00CC579B /* NMatlabViewController.m */,
			);
			path = ViewController;
			sourceTree = "<group>";
		};
		F37ECF2520B034CB00CC579B /* Tips */ = {
			isa = PBXGroup;
			children = (
				F37ECF2620B034CB00CC579B /* ViewModel */,
				F37ECF2920B034CB00CC579B /* ViewComtroller */,
				F37ECF2D20B034CB00CC579B /* Model */,
				F37ECF3020B034CB00CC579B /* View */,
			);
			path = Tips;
			sourceTree = "<group>";
		};
		F37ECF2620B034CB00CC579B /* ViewModel */ = {
			isa = PBXGroup;
			children = (
				F37ECF2720B034CB00CC579B /* NTipsViewModel.h */,
				F37ECF2820B034CB00CC579B /* NTipsViewModel.m */,
			);
			path = ViewModel;
			sourceTree = "<group>";
		};
		F37ECF2920B034CB00CC579B /* ViewComtroller */ = {
			isa = PBXGroup;
			children = (
				F37ECF2A20B034CB00CC579B /* UrlCacheViewController.h */,
				F37ECF2B20B034CB00CC579B /* UrlCacheViewController.xib */,
				F37ECF2C20B034CB00CC579B /* UrlCacheViewController.m */,
			);
			path = ViewComtroller;
			sourceTree = "<group>";
		};
		F37ECF2D20B034CB00CC579B /* Model */ = {
			isa = PBXGroup;
			children = (
				F37ECF2E20B034CB00CC579B /* NTipsModel.m */,
				F37ECF2F20B034CB00CC579B /* NTipsModel.h */,
			);
			path = Model;
			sourceTree = "<group>";
		};
		F37ECF3020B034CB00CC579B /* View */ = {
			isa = PBXGroup;
			children = (
				F37ECF3120B034CB00CC579B /* NTipsTableViewCell.h */,
				F37ECF3220B034CB00CC579B /* NTipsTableViewCell.xib */,
				F37ECF3320B034CB00CC579B /* NTipsTableViewCell.m */,
			);
			path = View;
			sourceTree = "<group>";
		};
		F3A08C2E209D81F500439244 /* YYFPSLabel */ = {
			isa = PBXGroup;
			children = (
				F3A08C2F209D81F500439244 /* YYWeakProxy.m */,
				F3A08C30209D81F500439244 /* YYFPSLabel.h */,
				F3A08C31209D81F500439244 /* YYFPSLabel.m */,
				F3A08C32209D81F500439244 /* YYWeakProxy.h */,
			);
			path = YYFPSLabel;
			sourceTree = SOURCE_ROOT;
		};
		F3A08C37209D964000439244 /* NetWorking */ = {
			isa = PBXGroup;
			children = (
				F3A08C38209D968C00439244 /* NetWorkingReuest.h */,
				F3A08C39209D968C00439244 /* NetWorkingReuest.m */,
			);
			path = NetWorking;
			sourceTree = SOURCE_ROOT;
		};
/* End PBXGroup section */

/* Begin PBXNativeTarget section */
		001FE0D720284DDB0021FA46 /* TestDelegate */ = {
			isa = PBXNativeTarget;
			buildConfigurationList = 001FE10420284DDC0021FA46 /* Build configuration list for PBXNativeTarget "TestDelegate" */;
			buildPhases = (
				ECE692460328B8DBCCEA7E4D /* [CP] Check Pods Manifest.lock */,
				001FE0D420284DDB0021FA46 /* Sources */,
				001FE0D520284DDB0021FA46 /* Frameworks */,
				001FE0D620284DDB0021FA46 /* Resources */,
				E811FBF384BB8F2C76FAC52E /* [CP] Copy Pods Resources */,
			);
			buildRules = (
			);
			dependencies = (
			);
			name = TestDelegate;
			productName = TestDelegate;
			productReference = 001FE0D820284DDB0021FA46 /* TestDelegate.app */;
			productType = "com.apple.product-type.application";
		};
		001FE0EF20284DDC0021FA46 /* TestDelegateTests */ = {
			isa = PBXNativeTarget;
			buildConfigurationList = 001FE10720284DDC0021FA46 /* Build configuration list for PBXNativeTarget "TestDelegateTests" */;
			buildPhases = (
				42978925D9A927C2AEFF024D /* [CP] Check Pods Manifest.lock */,
				001FE0EC20284DDC0021FA46 /* Sources */,
				001FE0ED20284DDC0021FA46 /* Frameworks */,
				001FE0EE20284DDC0021FA46 /* Resources */,
			);
			buildRules = (
			);
			dependencies = (
				001FE0F220284DDC0021FA46 /* PBXTargetDependency */,
			);
			name = TestDelegateTests;
			productName = TestDelegateTests;
			productReference = 001FE0F020284DDC0021FA46 /* TestDelegateTests.xctest */;
			productType = "com.apple.product-type.bundle.unit-test";
		};
		001FE0FA20284DDC0021FA46 /* TestDelegateUITests */ = {
			isa = PBXNativeTarget;
			buildConfigurationList = 001FE10A20284DDC0021FA46 /* Build configuration list for PBXNativeTarget "TestDelegateUITests" */;
			buildPhases = (
				D3D55B411D855760A02205AD /* [CP] Check Pods Manifest.lock */,
				001FE0F720284DDC0021FA46 /* Sources */,
				001FE0F820284DDC0021FA46 /* Frameworks */,
				001FE0F920284DDC0021FA46 /* Resources */,
			);
			buildRules = (
			);
			dependencies = (
				001FE0FD20284DDC0021FA46 /* PBXTargetDependency */,
			);
			name = TestDelegateUITests;
			productName = TestDelegateUITests;
			productReference = 001FE0FB20284DDC0021FA46 /* TestDelegateUITests.xctest */;
			productType = "com.apple.product-type.bundle.ui-testing";
		};
/* End PBXNativeTarget section */

/* Begin PBXProject section */
		001FE0D020284DDB0021FA46 /* Project object */ = {
			isa = PBXProject;
			attributes = {
				CLASSPREFIX = N;
				LastUpgradeCheck = 0920;
				ORGANIZATIONNAME = a;
				TargetAttributes = {
					001FE0D720284DDB0021FA46 = {
						CreatedOnToolsVersion = 9.2;
						ProvisioningStyle = Automatic;
					};
					001FE0EF20284DDC0021FA46 = {
						CreatedOnToolsVersion = 9.2;
						ProvisioningStyle = Automatic;
						TestTargetID = 001FE0D720284DDB0021FA46;
					};
					001FE0FA20284DDC0021FA46 = {
						CreatedOnToolsVersion = 9.2;
						ProvisioningStyle = Automatic;
						TestTargetID = 001FE0D720284DDB0021FA46;
					};
				};
			};
			buildConfigurationList = 001FE0D320284DDB0021FA46 /* Build configuration list for PBXProject "TestDelegate" */;
			compatibilityVersion = "Xcode 8.0";
			developmentRegion = en;
			hasScannedForEncodings = 0;
			knownRegions = (
				en,
				Base,
			);
			mainGroup = 001FE0CF20284DDB0021FA46;
			productRefGroup = 001FE0D920284DDB0021FA46 /* Products */;
			projectDirPath = "";
			projectRoot = "";
			targets = (
				001FE0D720284DDB0021FA46 /* TestDelegate */,
				001FE0EF20284DDC0021FA46 /* TestDelegateTests */,
				001FE0FA20284DDC0021FA46 /* TestDelegateUITests */,
			);
		};
/* End PBXProject section */

/* Begin PBXResourcesBuildPhase section */
		001FE0D620284DDB0021FA46 /* Resources */ = {
			isa = PBXResourcesBuildPhase;
			buildActionMask = 2147483647;
			files = (
				008CD347204F7BE400876974 /* QuanViewController.xib in Resources */,
				001FE11120284E820021FA46 /* PopViewController.xib in Resources */,
				F37ECF3F20B034CB00CC579B /* NMatlabViewController.xib in Resources */,
				00A4A77420B261670023FAB4 /* NObserverViewController.xib in Resources */,
				F37ECF4520B034CB00CC579B /* NTipsTableViewCell.xib in Resources */,
				F37ECF4220B034CB00CC579B /* UrlCacheViewController.xib in Resources */,
				001FE0E820284DDB0021FA46 /* LaunchScreen.storyboard in Resources */,
				001FE0E520284DDB0021FA46 /* Assets.xcassets in Resources */,
				001FE0E320284DDB0021FA46 /* Main.storyboard in Resources */,
				F37ECF3B20B034CB00CC579B /* NCacheViewController.xib in Resources */,
			);
			runOnlyForDeploymentPostprocessing = 0;
		};
		001FE0EE20284DDC0021FA46 /* Resources */ = {
			isa = PBXResourcesBuildPhase;
			buildActionMask = 2147483647;
			files = (
			);
			runOnlyForDeploymentPostprocessing = 0;
		};
		001FE0F920284DDC0021FA46 /* Resources */ = {
			isa = PBXResourcesBuildPhase;
			buildActionMask = 2147483647;
			files = (
			);
			runOnlyForDeploymentPostprocessing = 0;
		};
/* End PBXResourcesBuildPhase section */

/* Begin PBXShellScriptBuildPhase section */
		42978925D9A927C2AEFF024D /* [CP] Check Pods Manifest.lock */ = {
			isa = PBXShellScriptBuildPhase;
			buildActionMask = 2147483647;
			files = (
			);
			inputPaths = (
				"${PODS_PODFILE_DIR_PATH}/Podfile.lock",
				"${PODS_ROOT}/Manifest.lock",
			);
			name = "[CP] Check Pods Manifest.lock";
			outputPaths = (
				"$(DERIVED_FILE_DIR)/Pods-TestDelegateTests-checkManifestLockResult.txt",
			);
			runOnlyForDeploymentPostprocessing = 0;
			shellPath = /bin/sh;
			shellScript = "diff \"${PODS_PODFILE_DIR_PATH}/Podfile.lock\" \"${PODS_ROOT}/Manifest.lock\" > /dev/null\nif [ $? != 0 ] ; then\n    # print error to STDERR\n    echo \"error: The sandbox is not in sync with the Podfile.lock. Run 'pod install' or update your CocoaPods installation.\" >&2\n    exit 1\nfi\n# This output is used by Xcode 'outputs' to avoid re-running this script phase.\necho \"SUCCESS\" > \"${SCRIPT_OUTPUT_FILE_0}\"\n";
			showEnvVarsInLog = 0;
		};
		D3D55B411D855760A02205AD /* [CP] Check Pods Manifest.lock */ = {
			isa = PBXShellScriptBuildPhase;
			buildActionMask = 2147483647;
			files = (
			);
			inputPaths = (
				"${PODS_PODFILE_DIR_PATH}/Podfile.lock",
				"${PODS_ROOT}/Manifest.lock",
			);
			name = "[CP] Check Pods Manifest.lock";
			outputPaths = (
				"$(DERIVED_FILE_DIR)/Pods-TestDelegateUITests-checkManifestLockResult.txt",
			);
			runOnlyForDeploymentPostprocessing = 0;
			shellPath = /bin/sh;
			shellScript = "diff \"${PODS_PODFILE_DIR_PATH}/Podfile.lock\" \"${PODS_ROOT}/Manifest.lock\" > /dev/null\nif [ $? != 0 ] ; then\n    # print error to STDERR\n    echo \"error: The sandbox is not in sync with the Podfile.lock. Run 'pod install' or update your CocoaPods installation.\" >&2\n    exit 1\nfi\n# This output is used by Xcode 'outputs' to avoid re-running this script phase.\necho \"SUCCESS\" > \"${SCRIPT_OUTPUT_FILE_0}\"\n";
			showEnvVarsInLog = 0;
		};
		E811FBF384BB8F2C76FAC52E /* [CP] Copy Pods Resources */ = {
			isa = PBXShellScriptBuildPhase;
			buildActionMask = 2147483647;
			files = (
			);
			inputPaths = (
				"${SRCROOT}/Pods/Target Support Files/Pods-TestDelegate/Pods-TestDelegate-resources.sh",
				"${PODS_ROOT}/SVProgressHUD/SVProgressHUD/SVProgressHUD.bundle",
			);
			name = "[CP] Copy Pods Resources";
			outputPaths = (
				"${TARGET_BUILD_DIR}/${UNLOCALIZED_RESOURCES_FOLDER_PATH}/SVProgressHUD.bundle",
			);
			runOnlyForDeploymentPostprocessing = 0;
			shellPath = /bin/sh;
			shellScript = "\"${SRCROOT}/Pods/Target Support Files/Pods-TestDelegate/Pods-TestDelegate-resources.sh\"\n";
			showEnvVarsInLog = 0;
		};
		ECE692460328B8DBCCEA7E4D /* [CP] Check Pods Manifest.lock */ = {
			isa = PBXShellScriptBuildPhase;
			buildActionMask = 2147483647;
			files = (
			);
			inputPaths = (
				"${PODS_PODFILE_DIR_PATH}/Podfile.lock",
				"${PODS_ROOT}/Manifest.lock",
			);
			name = "[CP] Check Pods Manifest.lock";
			outputPaths = (
				"$(DERIVED_FILE_DIR)/Pods-TestDelegate-checkManifestLockResult.txt",
			);
			runOnlyForDeploymentPostprocessing = 0;
			shellPath = /bin/sh;
			shellScript = "diff \"${PODS_PODFILE_DIR_PATH}/Podfile.lock\" \"${PODS_ROOT}/Manifest.lock\" > /dev/null\nif [ $? != 0 ] ; then\n    # print error to STDERR\n    echo \"error: The sandbox is not in sync with the Podfile.lock. Run 'pod install' or update your CocoaPods installation.\" >&2\n    exit 1\nfi\n# This output is used by Xcode 'outputs' to avoid re-running this script phase.\necho \"SUCCESS\" > \"${SCRIPT_OUTPUT_FILE_0}\"\n";
			showEnvVarsInLog = 0;
		};
/* End PBXShellScriptBuildPhase section */

/* Begin PBXSourcesBuildPhase section */
		001FE0D420284DDB0021FA46 /* Sources */ = {
			isa = PBXSourcesBuildPhase;
			buildActionMask = 2147483647;
			files = (
				F37ECF3E20B034CB00CC579B /* delegateContainer.m in Sources */,
				F37ECF4320B034CB00CC579B /* UrlCacheViewController.m in Sources */,
				F3A08C34209D81F500439244 /* YYFPSLabel.m in Sources */,
				001FE11020284E820021FA46 /* PopViewController.m in Sources */,
				001FE0E020284DDB0021FA46 /* ViewController.m in Sources */,
				F37ECF3620B034CB00CC579B /* XYFileCache.m in Sources */,
				001FE0EB20284DDB0021FA46 /* main.m in Sources */,
				F37ECF3A20B034CB00CC579B /* XYObjectCache.m in Sources */,
				F37ECF4920B035EB00CC579B /* NDemoTableViewController.m in Sources */,
				F37ECF3D20B034CB00CC579B /* ZHNThresholdHelper.m in Sources */,
				001FE1142028546D0021FA46 /* CustomBtn.m in Sources */,
				008CD34A204F7D0F00876974 /* EOCRectangle.m in Sources */,
				F37ECF3420B034CB00CC579B /* XYMemoryCache.m in Sources */,
				F3A08C33209D81F500439244 /* YYWeakProxy.m in Sources */,
				F37ECF4020B034CB00CC579B /* NMatlabViewController.m in Sources */,
				F37ECF4420B034CB00CC579B /* NTipsModel.m in Sources */,
				001FE0DD20284DDB0021FA46 /* AppDelegate.m in Sources */,
				008CD34D204F7EE300876974 /* EOCSquare.m in Sources */,
				F37ECF3820B034CB00CC579B /* XYUserDefaults.m in Sources */,
				F37ECF4120B034CB00CC579B /* NTipsViewModel.m in Sources */,
				F37ECF3520B034CB00CC579B /* NSString+XY.m in Sources */,
				F37ECF3720B034CB00CC579B /* XYAutoCoding.m in Sources */,
				F37ECF3920B034CB00CC579B /* XYThread.m in Sources */,
				F37ECF4620B034CB00CC579B /* NTipsTableViewCell.m in Sources */,
				F3A08C3A209D968C00439244 /* NetWorkingReuest.m in Sources */,
				00A4A77320B261670023FAB4 /* NObserverViewController.m in Sources */,
				F37ECF3C20B034CB00CC579B /* NCacheViewController.m in Sources */,
				008CD346204F7BE400876974 /* QuanViewController.m in Sources */,
			);
			runOnlyForDeploymentPostprocessing = 0;
		};
		001FE0EC20284DDC0021FA46 /* Sources */ = {
			isa = PBXSourcesBuildPhase;
			buildActionMask = 2147483647;
			files = (
				001FE0F520284DDC0021FA46 /* TestDelegateTests.m in Sources */,
			);
			runOnlyForDeploymentPostprocessing = 0;
		};
		001FE0F720284DDC0021FA46 /* Sources */ = {
			isa = PBXSourcesBuildPhase;
			buildActionMask = 2147483647;
			files = (
				001FE10020284DDC0021FA46 /* TestDelegateUITests.m in Sources */,
			);
			runOnlyForDeploymentPostprocessing = 0;
		};
/* End PBXSourcesBuildPhase section */

/* Begin PBXTargetDependency section */
		001FE0F220284DDC0021FA46 /* PBXTargetDependency */ = {
			isa = PBXTargetDependency;
			target = 001FE0D720284DDB0021FA46 /* TestDelegate */;
			targetProxy = 001FE0F120284DDC0021FA46 /* PBXContainerItemProxy */;
		};
		001FE0FD20284DDC0021FA46 /* PBXTargetDependency */ = {
			isa = PBXTargetDependency;
			target = 001FE0D720284DDB0021FA46 /* TestDelegate */;
			targetProxy = 001FE0FC20284DDC0021FA46 /* PBXContainerItemProxy */;
		};
/* End PBXTargetDependency section */

/* Begin PBXVariantGroup section */
		001FE0E120284DDB0021FA46 /* Main.storyboard */ = {
			isa = PBXVariantGroup;
			children = (
				001FE0E220284DDB0021FA46 /* Base */,
			);
			name = Main.storyboard;
			sourceTree = "<group>";
		};
		001FE0E620284DDB0021FA46 /* LaunchScreen.storyboard */ = {
			isa = PBXVariantGroup;
			children = (
				001FE0E720284DDB0021FA46 /* Base */,
			);
			name = LaunchScreen.storyboard;
			sourceTree = "<group>";
		};
/* End PBXVariantGroup section */

/* Begin XCBuildConfiguration section */
		001FE10220284DDC0021FA46 /* Debug */ = {
			isa = XCBuildConfiguration;
			buildSettings = {
				ALWAYS_SEARCH_USER_PATHS = NO;
				CLANG_ANALYZER_NONNULL = YES;
				CLANG_ANALYZER_NUMBER_OBJECT_CONVERSION = YES_AGGRESSIVE;
				CLANG_CXX_LANGUAGE_STANDARD = "gnu++14";
				CLANG_CXX_LIBRARY = "libc++";
				CLANG_ENABLE_MODULES = YES;
				CLANG_ENABLE_OBJC_ARC = YES;
				CLANG_WARN_BLOCK_CAPTURE_AUTORELEASING = YES;
				CLANG_WARN_BOOL_CONVERSION = YES;
				CLANG_WARN_COMMA = YES;
				CLANG_WARN_CONSTANT_CONVERSION = YES;
				CLANG_WARN_DIRECT_OBJC_ISA_USAGE = YES_ERROR;
				CLANG_WARN_DOCUMENTATION_COMMENTS = YES;
				CLANG_WARN_EMPTY_BODY = YES;
				CLANG_WARN_ENUM_CONVERSION = YES;
				CLANG_WARN_INFINITE_RECURSION = YES;
				CLANG_WARN_INT_CONVERSION = YES;
				CLANG_WARN_NON_LITERAL_NULL_CONVERSION = YES;
				CLANG_WARN_OBJC_LITERAL_CONVERSION = YES;
				CLANG_WARN_OBJC_ROOT_CLASS = YES_ERROR;
				CLANG_WARN_RANGE_LOOP_ANALYSIS = YES;
				CLANG_WARN_STRICT_PROTOTYPES = YES;
				CLANG_WARN_SUSPICIOUS_MOVE = YES;
				CLANG_WARN_UNGUARDED_AVAILABILITY = YES_AGGRESSIVE;
				CLANG_WARN_UNREACHABLE_CODE = YES;
				CLANG_WARN__DUPLICATE_METHOD_MATCH = YES;
				CODE_SIGN_IDENTITY = "iPhone Developer";
				COPY_PHASE_STRIP = NO;
				CusomAppName = "知识小集Debug";
				DEBUG_INFORMATION_FORMAT = dwarf;
				ENABLE_STRICT_OBJC_MSGSEND = YES;
				ENABLE_TESTABILITY = YES;
				GCC_C_LANGUAGE_STANDARD = gnu11;
				GCC_DYNAMIC_NO_PIC = NO;
				GCC_NO_COMMON_BLOCKS = YES;
				GCC_OPTIMIZATION_LEVEL = 0;
				GCC_PREPROCESSOR_DEFINITIONS = (
					"DEBUG=1",
					"$(inherited)",
				);
				GCC_WARN_64_TO_32_BIT_CONVERSION = YES;
				GCC_WARN_ABOUT_RETURN_TYPE = YES_ERROR;
				GCC_WARN_UNDECLARED_SELECTOR = YES;
				GCC_WARN_UNINITIALIZED_AUTOS = YES_AGGRESSIVE;
				GCC_WARN_UNUSED_FUNCTION = YES;
				GCC_WARN_UNUSED_VARIABLE = YES;
				IPHONEOS_DEPLOYMENT_TARGET = 11.2;
				MTL_ENABLE_DEBUG_INFO = YES;
				ONLY_ACTIVE_ARCH = YES;
				SDKROOT = iphoneos;
			};
			name = Debug;
		};
		001FE10320284DDC0021FA46 /* Release */ = {
			isa = XCBuildConfiguration;
			buildSettings = {
				ALWAYS_SEARCH_USER_PATHS = NO;
				CLANG_ANALYZER_NONNULL = YES;
				CLANG_ANALYZER_NUMBER_OBJECT_CONVERSION = YES_AGGRESSIVE;
				CLANG_CXX_LANGUAGE_STANDARD = "gnu++14";
				CLANG_CXX_LIBRARY = "libc++";
				CLANG_ENABLE_MODULES = YES;
				CLANG_ENABLE_OBJC_ARC = YES;
				CLANG_WARN_BLOCK_CAPTURE_AUTORELEASING = YES;
				CLANG_WARN_BOOL_CONVERSION = YES;
				CLANG_WARN_COMMA = YES;
				CLANG_WARN_CONSTANT_CONVERSION = YES;
				CLANG_WARN_DIRECT_OBJC_ISA_USAGE = YES_ERROR;
				CLANG_WARN_DOCUMENTATION_COMMENTS = YES;
				CLANG_WARN_EMPTY_BODY = YES;
				CLANG_WARN_ENUM_CONVERSION = YES;
				CLANG_WARN_INFINITE_RECURSION = YES;
				CLANG_WARN_INT_CONVERSION = YES;
				CLANG_WARN_NON_LITERAL_NULL_CONVERSION = YES;
				CLANG_WARN_OBJC_LITERAL_CONVERSION = YES;
				CLANG_WARN_OBJC_ROOT_CLASS = YES_ERROR;
				CLANG_WARN_RANGE_LOOP_ANALYSIS = YES;
				CLANG_WARN_STRICT_PROTOTYPES = YES;
				CLANG_WARN_SUSPICIOUS_MOVE = YES;
				CLANG_WARN_UNGUARDED_AVAILABILITY = YES_AGGRESSIVE;
				CLANG_WARN_UNREACHABLE_CODE = YES;
				CLANG_WARN__DUPLICATE_METHOD_MATCH = YES;
				CODE_SIGN_IDENTITY = "iPhone Developer";
				COPY_PHASE_STRIP = NO;
				CusomAppName = "知识小集Release";
				DEBUG_INFORMATION_FORMAT = "dwarf-with-dsym";
				ENABLE_NS_ASSERTIONS = NO;
				ENABLE_STRICT_OBJC_MSGSEND = YES;
				GCC_C_LANGUAGE_STANDARD = gnu11;
				GCC_NO_COMMON_BLOCKS = YES;
				GCC_WARN_64_TO_32_BIT_CONVERSION = YES;
				GCC_WARN_ABOUT_RETURN_TYPE = YES_ERROR;
				GCC_WARN_UNDECLARED_SELECTOR = YES;
				GCC_WARN_UNINITIALIZED_AUTOS = YES_AGGRESSIVE;
				GCC_WARN_UNUSED_FUNCTION = YES;
				GCC_WARN_UNUSED_VARIABLE = YES;
				IPHONEOS_DEPLOYMENT_TARGET = 11.2;
				MTL_ENABLE_DEBUG_INFO = NO;
				SDKROOT = iphoneos;
				VALIDATE_PRODUCT = YES;
			};
			name = Release;
		};
		001FE10520284DDC0021FA46 /* Debug */ = {
			isa = XCBuildConfiguration;
			baseConfigurationReference = D1A5134B5E4CD7182D7445B8 /* Pods-TestDelegate.debug.xcconfig */;
			buildSettings = {
				ASSETCATALOG_COMPILER_APPICON_NAME = AppIcon;
				CODE_SIGN_STYLE = Automatic;
				CusomAppName = "知识小集Debug";
				DEVELOPMENT_TEAM = WK6R7V524D;
				INFOPLIST_FILE = TestDelegate/Info.plist;
				IPHONEOS_DEPLOYMENT_TARGET = 8.0;
				LD_RUNPATH_SEARCH_PATHS = "$(inherited) @executable_path/Frameworks";
				PRODUCT_BUNDLE_IDENTIFIER = DispatchSemaphore.TestDelegate;
				PRODUCT_NAME = "$(TARGET_NAME)";
				TARGETED_DEVICE_FAMILY = "1,2";
			};
			name = Debug;
		};
		001FE10620284DDC0021FA46 /* Release */ = {
			isa = XCBuildConfiguration;
			baseConfigurationReference = 57EF5C30DA127D9BD6827446 /* Pods-TestDelegate.release.xcconfig */;
			buildSettings = {
				ASSETCATALOG_COMPILER_APPICON_NAME = AppIcon;
				CODE_SIGN_STYLE = Automatic;
				CusomAppName = "知识小集Release";
				DEVELOPMENT_TEAM = WK6R7V524D;
				INFOPLIST_FILE = TestDelegate/Info.plist;
				IPHONEOS_DEPLOYMENT_TARGET = 8.0;
				LD_RUNPATH_SEARCH_PATHS = "$(inherited) @executable_path/Frameworks";
				PRODUCT_BUNDLE_IDENTIFIER = DispatchSemaphore.TestDelegate;
				PRODUCT_NAME = "$(TARGET_NAME)";
				TARGETED_DEVICE_FAMILY = "1,2";
			};
			name = Release;
		};
		001FE10820284DDC0021FA46 /* Debug */ = {
			isa = XCBuildConfiguration;
			baseConfigurationReference = 9473A6568D15B4210E7629EA /* Pods-TestDelegateTests.debug.xcconfig */;
			buildSettings = {
				BUNDLE_LOADER = "$(TEST_HOST)";
				CODE_SIGN_STYLE = Automatic;
				DEVELOPMENT_TEAM = WK6R7V524D;
				INFOPLIST_FILE = TestDelegateTests/Info.plist;
				LD_RUNPATH_SEARCH_PATHS = "$(inherited) @executable_path/Frameworks @loader_path/Frameworks";
				PRODUCT_BUNDLE_IDENTIFIER = DispatchSemaphore.TestDelegateTests;
				PRODUCT_NAME = "$(TARGET_NAME)";
				TARGETED_DEVICE_FAMILY = "1,2";
				TEST_HOST = "$(BUILT_PRODUCTS_DIR)/TestDelegate.app/TestDelegate";
			};
			name = Debug;
		};
		001FE10920284DDC0021FA46 /* Release */ = {
			isa = XCBuildConfiguration;
			baseConfigurationReference = 01D8C8DDD5A5E83FFB5C92C6 /* Pods-TestDelegateTests.release.xcconfig */;
			buildSettings = {
				BUNDLE_LOADER = "$(TEST_HOST)";
				CODE_SIGN_STYLE = Automatic;
				DEVELOPMENT_TEAM = WK6R7V524D;
				INFOPLIST_FILE = TestDelegateTests/Info.plist;
				LD_RUNPATH_SEARCH_PATHS = "$(inherited) @executable_path/Frameworks @loader_path/Frameworks";
				PRODUCT_BUNDLE_IDENTIFIER = DispatchSemaphore.TestDelegateTests;
				PRODUCT_NAME = "$(TARGET_NAME)";
				TARGETED_DEVICE_FAMILY = "1,2";
				TEST_HOST = "$(BUILT_PRODUCTS_DIR)/TestDelegate.app/TestDelegate";
			};
			name = Release;
		};
		001FE10B20284DDC0021FA46 /* Debug */ = {
			isa = XCBuildConfiguration;
			baseConfigurationReference = 6D9132C7FC1051F7BC70627F /* Pods-TestDelegateUITests.debug.xcconfig */;
			buildSettings = {
				CODE_SIGN_STYLE = Automatic;
				DEVELOPMENT_TEAM = WK6R7V524D;
				INFOPLIST_FILE = TestDelegateUITests/Info.plist;
				LD_RUNPATH_SEARCH_PATHS = "$(inherited) @executable_path/Frameworks @loader_path/Frameworks";
				PRODUCT_BUNDLE_IDENTIFIER = DispatchSemaphore.TestDelegateUITests;
				PRODUCT_NAME = "$(TARGET_NAME)";
				TARGETED_DEVICE_FAMILY = "1,2";
				TEST_TARGET_NAME = TestDelegate;
			};
			name = Debug;
		};
		001FE10C20284DDC0021FA46 /* Release */ = {
			isa = XCBuildConfiguration;
			baseConfigurationReference = 8EB2BA5A7B09BC7C06D07479 /* Pods-TestDelegateUITests.release.xcconfig */;
			buildSettings = {
				CODE_SIGN_STYLE = Automatic;
				DEVELOPMENT_TEAM = WK6R7V524D;
				INFOPLIST_FILE = TestDelegateUITests/Info.plist;
				LD_RUNPATH_SEARCH_PATHS = "$(inherited) @executable_path/Frameworks @loader_path/Frameworks";
				PRODUCT_BUNDLE_IDENTIFIER = DispatchSemaphore.TestDelegateUITests;
				PRODUCT_NAME = "$(TARGET_NAME)";
				TARGETED_DEVICE_FAMILY = "1,2";
				TEST_TARGET_NAME = TestDelegate;
			};
			name = Release;
		};
		F36EFCE92078D1E30034FC41 /* StagingDebug */ = {
			isa = XCBuildConfiguration;
			buildSettings = {
				ALWAYS_SEARCH_USER_PATHS = NO;
				CLANG_ANALYZER_NONNULL = YES;
				CLANG_ANALYZER_NUMBER_OBJECT_CONVERSION = YES_AGGRESSIVE;
				CLANG_CXX_LANGUAGE_STANDARD = "gnu++14";
				CLANG_CXX_LIBRARY = "libc++";
				CLANG_ENABLE_MODULES = YES;
				CLANG_ENABLE_OBJC_ARC = YES;
				CLANG_WARN_BLOCK_CAPTURE_AUTORELEASING = YES;
				CLANG_WARN_BOOL_CONVERSION = YES;
				CLANG_WARN_COMMA = YES;
				CLANG_WARN_CONSTANT_CONVERSION = YES;
				CLANG_WARN_DIRECT_OBJC_ISA_USAGE = YES_ERROR;
				CLANG_WARN_DOCUMENTATION_COMMENTS = YES;
				CLANG_WARN_EMPTY_BODY = YES;
				CLANG_WARN_ENUM_CONVERSION = YES;
				CLANG_WARN_INFINITE_RECURSION = YES;
				CLANG_WARN_INT_CONVERSION = YES;
				CLANG_WARN_NON_LITERAL_NULL_CONVERSION = YES;
				CLANG_WARN_OBJC_LITERAL_CONVERSION = YES;
				CLANG_WARN_OBJC_ROOT_CLASS = YES_ERROR;
				CLANG_WARN_RANGE_LOOP_ANALYSIS = YES;
				CLANG_WARN_STRICT_PROTOTYPES = YES;
				CLANG_WARN_SUSPICIOUS_MOVE = YES;
				CLANG_WARN_UNGUARDED_AVAILABILITY = YES_AGGRESSIVE;
				CLANG_WARN_UNREACHABLE_CODE = YES;
				CLANG_WARN__DUPLICATE_METHOD_MATCH = YES;
				CODE_SIGN_IDENTITY = "iPhone Developer";
				COPY_PHASE_STRIP = NO;
				CusomAppName = "知识小集StagingDebug";
				DEBUG_INFORMATION_FORMAT = dwarf;
				ENABLE_STRICT_OBJC_MSGSEND = YES;
				ENABLE_TESTABILITY = YES;
				GCC_C_LANGUAGE_STANDARD = gnu11;
				GCC_DYNAMIC_NO_PIC = NO;
				GCC_NO_COMMON_BLOCKS = YES;
				GCC_OPTIMIZATION_LEVEL = 0;
				GCC_PREPROCESSOR_DEFINITIONS = (
					"DEBUG=1",
					"$(inherited)",
				);
				GCC_WARN_64_TO_32_BIT_CONVERSION = YES;
				GCC_WARN_ABOUT_RETURN_TYPE = YES_ERROR;
				GCC_WARN_UNDECLARED_SELECTOR = YES;
				GCC_WARN_UNINITIALIZED_AUTOS = YES_AGGRESSIVE;
				GCC_WARN_UNUSED_FUNCTION = YES;
				GCC_WARN_UNUSED_VARIABLE = YES;
				IPHONEOS_DEPLOYMENT_TARGET = 11.2;
				MTL_ENABLE_DEBUG_INFO = YES;
				ONLY_ACTIVE_ARCH = YES;
				SDKROOT = iphoneos;
			};
			name = StagingDebug;
		};
		F36EFCEA2078D1E30034FC41 /* StagingDebug */ = {
			isa = XCBuildConfiguration;
			baseConfigurationReference = C012BF0DAF69981E99DB8449 /* Pods-TestDelegate.stagingdebug.xcconfig */;
			buildSettings = {
				ASSETCATALOG_COMPILER_APPICON_NAME = AppIcon;
				CODE_SIGN_STYLE = Automatic;
				CusomAppName = "知识小集StagingDebug";
				DEVELOPMENT_TEAM = WK6R7V524D;
				INFOPLIST_FILE = TestDelegate/Info.plist;
				IPHONEOS_DEPLOYMENT_TARGET = 8.0;
				LD_RUNPATH_SEARCH_PATHS = "$(inherited) @executable_path/Frameworks";
				PRODUCT_BUNDLE_IDENTIFIER = DispatchSemaphore.TestDelegate;
				PRODUCT_NAME = "$(TARGET_NAME)";
				TARGETED_DEVICE_FAMILY = "1,2";
			};
			name = StagingDebug;
		};
		F36EFCEB2078D1E30034FC41 /* StagingDebug */ = {
			isa = XCBuildConfiguration;
			baseConfigurationReference = 27EC09078864DA12E442317B /* Pods-TestDelegateTests.stagingdebug.xcconfig */;
			buildSettings = {
				BUNDLE_LOADER = "$(TEST_HOST)";
				CODE_SIGN_STYLE = Automatic;
				DEVELOPMENT_TEAM = WK6R7V524D;
				INFOPLIST_FILE = TestDelegateTests/Info.plist;
				LD_RUNPATH_SEARCH_PATHS = "$(inherited) @executable_path/Frameworks @loader_path/Frameworks";
				PRODUCT_BUNDLE_IDENTIFIER = DispatchSemaphore.TestDelegateTests;
				PRODUCT_NAME = "$(TARGET_NAME)";
				TARGETED_DEVICE_FAMILY = "1,2";
				TEST_HOST = "$(BUILT_PRODUCTS_DIR)/TestDelegate.app/TestDelegate";
			};
			name = StagingDebug;
		};
		F36EFCEC2078D1E30034FC41 /* StagingDebug */ = {
			isa = XCBuildConfiguration;
			baseConfigurationReference = 4671BB213833D67FC42E08A7 /* Pods-TestDelegateUITests.stagingdebug.xcconfig */;
			buildSettings = {
				CODE_SIGN_STYLE = Automatic;
				DEVELOPMENT_TEAM = WK6R7V524D;
				INFOPLIST_FILE = TestDelegateUITests/Info.plist;
				LD_RUNPATH_SEARCH_PATHS = "$(inherited) @executable_path/Frameworks @loader_path/Frameworks";
				PRODUCT_BUNDLE_IDENTIFIER = DispatchSemaphore.TestDelegateUITests;
				PRODUCT_NAME = "$(TARGET_NAME)";
				TARGETED_DEVICE_FAMILY = "1,2";
				TEST_TARGET_NAME = TestDelegate;
			};
			name = StagingDebug;
		};
		F36EFCED2078D1F10034FC41 /* StagingRelease */ = {
			isa = XCBuildConfiguration;
			buildSettings = {
				ALWAYS_SEARCH_USER_PATHS = NO;
				CLANG_ANALYZER_NONNULL = YES;
				CLANG_ANALYZER_NUMBER_OBJECT_CONVERSION = YES_AGGRESSIVE;
				CLANG_CXX_LANGUAGE_STANDARD = "gnu++14";
				CLANG_CXX_LIBRARY = "libc++";
				CLANG_ENABLE_MODULES = YES;
				CLANG_ENABLE_OBJC_ARC = YES;
				CLANG_WARN_BLOCK_CAPTURE_AUTORELEASING = YES;
				CLANG_WARN_BOOL_CONVERSION = YES;
				CLANG_WARN_COMMA = YES;
				CLANG_WARN_CONSTANT_CONVERSION = YES;
				CLANG_WARN_DIRECT_OBJC_ISA_USAGE = YES_ERROR;
				CLANG_WARN_DOCUMENTATION_COMMENTS = YES;
				CLANG_WARN_EMPTY_BODY = YES;
				CLANG_WARN_ENUM_CONVERSION = YES;
				CLANG_WARN_INFINITE_RECURSION = YES;
				CLANG_WARN_INT_CONVERSION = YES;
				CLANG_WARN_NON_LITERAL_NULL_CONVERSION = YES;
				CLANG_WARN_OBJC_LITERAL_CONVERSION = YES;
				CLANG_WARN_OBJC_ROOT_CLASS = YES_ERROR;
				CLANG_WARN_RANGE_LOOP_ANALYSIS = YES;
				CLANG_WARN_STRICT_PROTOTYPES = YES;
				CLANG_WARN_SUSPICIOUS_MOVE = YES;
				CLANG_WARN_UNGUARDED_AVAILABILITY = YES_AGGRESSIVE;
				CLANG_WARN_UNREACHABLE_CODE = YES;
				CLANG_WARN__DUPLICATE_METHOD_MATCH = YES;
				CODE_SIGN_IDENTITY = "iPhone Developer";
				COPY_PHASE_STRIP = NO;
				CusomAppName = "知识小集StagingRelease";
				DEBUG_INFORMATION_FORMAT = "dwarf-with-dsym";
				ENABLE_NS_ASSERTIONS = NO;
				ENABLE_STRICT_OBJC_MSGSEND = YES;
				GCC_C_LANGUAGE_STANDARD = gnu11;
				GCC_NO_COMMON_BLOCKS = YES;
				GCC_WARN_64_TO_32_BIT_CONVERSION = YES;
				GCC_WARN_ABOUT_RETURN_TYPE = YES_ERROR;
				GCC_WARN_UNDECLARED_SELECTOR = YES;
				GCC_WARN_UNINITIALIZED_AUTOS = YES_AGGRESSIVE;
				GCC_WARN_UNUSED_FUNCTION = YES;
				GCC_WARN_UNUSED_VARIABLE = YES;
				IPHONEOS_DEPLOYMENT_TARGET = 11.2;
				MTL_ENABLE_DEBUG_INFO = NO;
				SDKROOT = iphoneos;
				VALIDATE_PRODUCT = YES;
			};
			name = StagingRelease;
		};
		F36EFCEE2078D1F10034FC41 /* StagingRelease */ = {
			isa = XCBuildConfiguration;
			baseConfigurationReference = 352BBEEB7C8EAD6F023FE68B /* Pods-TestDelegate.stagingrelease.xcconfig */;
			buildSettings = {
				ASSETCATALOG_COMPILER_APPICON_NAME = AppIcon;
				CODE_SIGN_STYLE = Automatic;
				CusomAppName = "知识小集StagingRelease";
				DEVELOPMENT_TEAM = WK6R7V524D;
				INFOPLIST_FILE = TestDelegate/Info.plist;
				IPHONEOS_DEPLOYMENT_TARGET = 8.0;
				LD_RUNPATH_SEARCH_PATHS = "$(inherited) @executable_path/Frameworks";
				PRODUCT_BUNDLE_IDENTIFIER = DispatchSemaphore.TestDelegate;
				PRODUCT_NAME = "$(TARGET_NAME)";
				TARGETED_DEVICE_FAMILY = "1,2";
			};
			name = StagingRelease;
		};
		F36EFCEF2078D1F10034FC41 /* StagingRelease */ = {
			isa = XCBuildConfiguration;
			baseConfigurationReference = 650BA744A871D1347607654F /* Pods-TestDelegateTests.stagingrelease.xcconfig */;
			buildSettings = {
				BUNDLE_LOADER = "$(TEST_HOST)";
				CODE_SIGN_STYLE = Automatic;
				DEVELOPMENT_TEAM = WK6R7V524D;
				INFOPLIST_FILE = TestDelegateTests/Info.plist;
				LD_RUNPATH_SEARCH_PATHS = "$(inherited) @executable_path/Frameworks @loader_path/Frameworks";
				PRODUCT_BUNDLE_IDENTIFIER = DispatchSemaphore.TestDelegateTests;
				PRODUCT_NAME = "$(TARGET_NAME)";
				TARGETED_DEVICE_FAMILY = "1,2";
				TEST_HOST = "$(BUILT_PRODUCTS_DIR)/TestDelegate.app/TestDelegate";
			};
			name = StagingRelease;
		};
		F36EFCF02078D1F10034FC41 /* StagingRelease */ = {
			isa = XCBuildConfiguration;
			baseConfigurationReference = 0E4DDBD82929BA057648DD1D /* Pods-TestDelegateUITests.stagingrelease.xcconfig */;
			buildSettings = {
				CODE_SIGN_STYLE = Automatic;
				DEVELOPMENT_TEAM = WK6R7V524D;
				INFOPLIST_FILE = TestDelegateUITests/Info.plist;
				LD_RUNPATH_SEARCH_PATHS = "$(inherited) @executable_path/Frameworks @loader_path/Frameworks";
				PRODUCT_BUNDLE_IDENTIFIER = DispatchSemaphore.TestDelegateUITests;
				PRODUCT_NAME = "$(TARGET_NAME)";
				TARGETED_DEVICE_FAMILY = "1,2";
				TEST_TARGET_NAME = TestDelegate;
			};
			name = StagingRelease;
		};
/* End XCBuildConfiguration section */

/* Begin XCConfigurationList section */
		001FE0D320284DDB0021FA46 /* Build configuration list for PBXProject "TestDelegate" */ = {
			isa = XCConfigurationList;
			buildConfigurations = (
				001FE10220284DDC0021FA46 /* Debug */,
				F36EFCE92078D1E30034FC41 /* StagingDebug */,
				001FE10320284DDC0021FA46 /* Release */,
				F36EFCED2078D1F10034FC41 /* StagingRelease */,
			);
			defaultConfigurationIsVisible = 0;
			defaultConfigurationName = Release;
		};
		001FE10420284DDC0021FA46 /* Build configuration list for PBXNativeTarget "TestDelegate" */ = {
			isa = XCConfigurationList;
			buildConfigurations = (
				001FE10520284DDC0021FA46 /* Debug */,
				F36EFCEA2078D1E30034FC41 /* StagingDebug */,
				001FE10620284DDC0021FA46 /* Release */,
				F36EFCEE2078D1F10034FC41 /* StagingRelease */,
			);
			defaultConfigurationIsVisible = 0;
			defaultConfigurationName = Release;
		};
		001FE10720284DDC0021FA46 /* Build configuration list for PBXNativeTarget "TestDelegateTests" */ = {
			isa = XCConfigurationList;
			buildConfigurations = (
				001FE10820284DDC0021FA46 /* Debug */,
				F36EFCEB2078D1E30034FC41 /* StagingDebug */,
				001FE10920284DDC0021FA46 /* Release */,
				F36EFCEF2078D1F10034FC41 /* StagingRelease */,
			);
			defaultConfigurationIsVisible = 0;
			defaultConfigurationName = Release;
		};
		001FE10A20284DDC0021FA46 /* Build configuration list for PBXNativeTarget "TestDelegateUITests" */ = {
			isa = XCConfigurationList;
			buildConfigurations = (
				001FE10B20284DDC0021FA46 /* Debug */,
				F36EFCEC2078D1E30034FC41 /* StagingDebug */,
				001FE10C20284DDC0021FA46 /* Release */,
				F36EFCF02078D1F10034FC41 /* StagingRelease */,
			);
			defaultConfigurationIsVisible = 0;
			defaultConfigurationName = Release;
		};
/* End XCConfigurationList section */
	};
	rootObject = 001FE0D020284DDB0021FA46 /* Project object */;
}
